
Microsoft Visual Studio Solution File, Format Version 12.00
# Visual Studio Version 16
VisualStudioVersion = 16.0.29215.179
MinimumVisualStudioVersion = 10.0.40219.1
Project("{E24C65DC-7377-472B-9ABA-BC803B73C61A}") = "Lab8Solution", ".", "{663D2C1C-6088-483D-8556-7C0ECAAB78BD}"
	ProjectSection(WebsiteProperties) = preProject
		TargetFrameworkMoniker = ".NETFramework,Version%3Dv4.6"
		Debug.AspNetCompiler.VirtualPath = "/localhost_61616"
		Debug.AspNetCompiler.PhysicalPath = "..\Lab8Solution\"
		Debug.AspNetCompiler.TargetPath = "PrecompiledWeb\localhost_61616\"
		Debug.AspNetCompiler.Updateable = "true"
		Debug.AspNetCompiler.ForceOverwrite = "true"
		Debug.AspNetCompiler.FixedNames = "false"
		Debug.AspNetCompiler.Debug = "True"
		Release.AspNetCompiler.VirtualPath = "/localhost_61616"
		Release.AspNetCompiler.PhysicalPath = "..\Lab8Solution\"
		Release.AspNetCompiler.TargetPath = "PrecompiledWeb\localhost_61616\"
		Release.AspNetCompiler.Updateable = "true"
		Release.AspNetCompiler.ForceOverwrite = "true"
		Release.AspNetCompiler.FixedNames = "false"
		Release.AspNetCompiler.Debug = "False"
		VWDPort = "61616"
		SlnRelativePath = "..\Lab8Solution\"
	EndProjectSection
EndProject
Project("{E24C65DC-7377-472B-9ABA-BC803B73C61A}") = "WebControls", "..\Examples - Web Controls\WebControls\", "{94E68FEE-BC3E-4984-BD21-8ACE2235CBAE}"
	ProjectSection(WebsiteProperties) = preProject
		TargetFrameworkMoniker = ".NETFramework,Version%3Dv4.5"
		Debug.AspNetCompiler.VirtualPath = "/WebControls"
		Debug.AspNetCompiler.PhysicalPath = "..\Examples - Web Controls\WebControls\"
		Debug.AspNetCompiler.TargetPath = "PrecompiledWeb\WebControls\"
		Debug.AspNetCompiler.Updateable = "true"
		Debug.AspNetCompiler.ForceOverwrite = "true"
		Debug.AspNetCompiler.FixedNames = "false"
		Debug.AspNetCompiler.Debug = "True"
		Release.AspNetCompiler.VirtualPath = "/WebControls"
		Release.AspNetCompiler.PhysicalPath = "..\Examples - Web Controls\WebControls\"
		Release.AspNetCompiler.TargetPath = "PrecompiledWeb\WebControls\"
		Release.AspNetCompiler.Updateable = "true"
		Release.AspNetCompiler.ForceOverwrite = "true"
		Release.AspNetCompiler.FixedNames = "false"
		Release.AspNetCompiler.Debug = "False"
		VWDPort = "58718"
		SlnRelativePath = "..\Examples - Web Controls\WebControls\"
	EndProjectSection
EndProject
Project("{E24C65DC-7377-472B-9ABA-BC803B73C61A}") = "Validation", "http://localhost:36389", "{80628F59-4F31-4988-BBDB-C402B7CFCB5E}"
	ProjectSection(WebsiteProperties) = preProject
		UseIISExpress = "true"
		TargetFrameworkMoniker = ".NETFramework,Version%3Dv4.5"
		Debug.AspNetCompiler.VirtualPath = "/Validation"
		Debug.AspNetCompiler.PhysicalPath = "..\Examples - Validation Controls\Validation\"
		Debug.AspNetCompiler.TargetPath = "PrecompiledWeb\Validation\"
		Debug.AspNetCompiler.Updateable = "true"
		Debug.AspNetCompiler.ForceOverwrite = "true"
		Debug.AspNetCompiler.FixedNames = "false"
		Debug.AspNetCompiler.Debug = "True"
		Release.AspNetCompiler.VirtualPath = "/Validation"
		Release.AspNetCompiler.PhysicalPath = "..\Examples - Validation Controls\Validation\"
		Release.AspNetCompiler.TargetPath = "PrecompiledWeb\Validation\"
		Release.AspNetCompiler.Updateable = "true"
		Release.AspNetCompiler.ForceOverwrite = "true"
		Release.AspNetCompiler.FixedNames = "false"
		Release.AspNetCompiler.Debug = "False"
		SlnRelativePath = "..\Examples - Validation Controls\Validation\"
	EndProjectSection
EndProject
Global
	GlobalSection(SolutionConfigurationPlatforms) = preSolution
		Debug|Any CPU = Debug|Any CPU
		Release|Any CPU = Release|Any CPU
	EndGlobalSection
	GlobalSection(ProjectConfigurationPlatforms) = postSolution
		{663D2C1C-6088-483D-8556-7C0ECAAB78BD}.Debug|Any CPU.ActiveCfg = Debug|Any CPU
		{663D2C1C-6088-483D-8556-7C0ECAAB78BD}.Debug|Any CPU.Build.0 = Debug|Any CPU
		{663D2C1C-6088-483D-8556-7C0ECAAB78BD}.Release|Any CPU.ActiveCfg = Debug|Any CPU
		{663D2C1C-6088-483D-8556-7C0ECAAB78BD}.Release|Any CPU.Build.0 = Debug|Any CPU
		{94E68FEE-BC3E-4984-BD21-8ACE2235CBAE}.Debug|Any CPU.ActiveCfg = Debug|Any CPU
		{94E68FEE-BC3E-4984-BD21-8ACE2235CBAE}.Debug|Any CPU.Build.0 = Debug|Any CPU
		{94E68FEE-BC3E-4984-BD21-8ACE2235CBAE}.Release|Any CPU.ActiveCfg = Debug|Any CPU
		{94E68FEE-BC3E-4984-BD21-8ACE2235CBAE}.Release|Any CPU.Build.0 = Debug|Any CPU
		{80628F59-4F31-4988-BBDB-C402B7CFCB5E}.Debug|Any CPU.ActiveCfg = Debug|Any CPU
		{80628F59-4F31-4988-BBDB-C402B7CFCB5E}.Debug|Any CPU.Build.0 = Debug|Any CPU
		{80628F59-4F31-4988-BBDB-C402B7CFCB5E}.Release|Any CPU.ActiveCfg = Debug|Any CPU
		{80628F59-4F31-4988-BBDB-C402B7CFCB5E}.Release|Any CPU.Build.0 = Debug|Any CPU
	EndGlobalSection
	GlobalSection(SolutionProperties) = preSolution
		HideSolutionNode = FALSE
	EndGlobalSection
	GlobalSection(ExtensibilityGlobals) = postSolution
		SolutionGuid = {CBAE2304-2689-4C06-B4F5-325805A37268}
	EndGlobalSection
EndGlobal
